
Microsoft Visual Studio Solution File, Format Version 12.00
# Visual Studio 2017
Project("{FAE04EC0-301F-11D3-BF4B-00C04F79EFBC}") = "SpaceWar", "SpaceWar.csproj", "{ED0E10E5-A563-41A5-F682-A35CB53F8423}"
EndProject
Project("{FAE04EC0-301F-11D3-BF4B-00C04F79EFBC}") = "SpaceWar.Editor", "SpaceWar.Editor.csproj", "{9C95CAC2-662F-4DB1-07BA-D23C1B14FF36}"
EndProject
Global
	GlobalSection(SolutionConfigurationPlatforms) = preSolution
		Debug|Any CPU = Debug|Any CPU
		Release|Any CPU = Release|Any CPU
	EndGlobalSection
	GlobalSection(ProjectConfigurationPlatforms) = postSolution
		{ED0E10E5-A563-41A5-F682-A35CB53F8423}.Debug|Any CPU.ActiveCfg = Debug|Any CPU
		{ED0E10E5-A563-41A5-F682-A35CB53F8423}.Debug|Any CPU.Build.0 = Debug|Any CPU
		{ED0E10E5-A563-41A5-F682-A35CB53F8423}.Release|Any CPU.ActiveCfg = Release|Any CPU
		{ED0E10E5-A563-41A5-F682-A35CB53F8423}.Release|Any CPU.Build.0 = Release|Any CPU
		{9C95CAC2-662F-4DB1-07BA-D23C1B14FF36}.Debug|Any CPU.ActiveCfg = Debug|Any CPU
		{9C95CAC2-662F-4DB1-07BA-D23C1B14FF36}.Debug|Any CPU.Build.0 = Debug|Any CPU
		{9C95CAC2-662F-4DB1-07BA-D23C1B14FF36}.Release|Any CPU.ActiveCfg = Release|Any CPU
		{9C95CAC2-662F-4DB1-07BA-D23C1B14FF36}.Release|Any CPU.Build.0 = Release|Any CPU
	EndGlobalSection
	GlobalSection(SolutionProperties) = preSolution
		HideSolutionNode = FALSE
	EndGlobalSection
EndGlobal
